
Microsoft Visual Studio Solution File, Format Version 12.00
# Visual Studio 15
VisualStudioVersion = 15.0.27703.2035
MinimumVisualStudioVersion = 10.0.40219.1
Project("{FAE04EC0-301F-11D3-BF4B-00C04F79EFBC}") = "Project1", "Project1\Project1.csproj", "{B916CA87-5E4C-47A1-9468-1AE34D71C73A}"
EndProject
Global
	GlobalSection(SolutionConfigurationPlatforms) = preSolution
		Debug|Any CPU = Debug|Any CPU
		Release|Any CPU = Release|Any CPU
	EndGlobalSection
	GlobalSection(ProjectConfigurationPlatforms) = postSolution
		{B916CA87-5E4C-47A1-9468-1AE34D71C73A}.Debug|Any CPU.ActiveCfg = Debug|Any CPU
		{B916CA87-5E4C-47A1-9468-1AE34D71C73A}.Debug|Any CPU.Build.0 = Debug|Any CPU
		{B916CA87-5E4C-47A1-9468-1AE34D71C73A}.Release|Any CPU.ActiveCfg = Release|Any CPU
		{B916CA87-5E4C-47A1-9468-1AE34D71C73A}.Release|Any CPU.Build.0 = Release|Any CPU
	EndGlobalSection
	GlobalSection(SolutionProperties) = preSolution
		HideSolutionNode = FALSE
	EndGlobalSection
	GlobalSection(ExtensibilityGlobals) = postSolution
		SolutionGuid = {9A69A374-EB10-4304-B859-84DC5CAE9AA6}
	EndGlobalSection
EndGlobal
